// !$*UTF8*$!
{
	archiveVersion = 1;
	classes = {
	};
	objectVersion = 46;
	objects = {

/* Begin PBXBuildFile section */
		AFAAECC01BB0FDDF008A6E23 /* main.m in Sources */ = {isa = PBXBuildFile; fileRef = AFAAECBF1BB0FDDF008A6E23 /* main.m */; };
		AFAAECC31BB0FDDF008A6E23 /* AppDelegate.m in Sources */ = {isa = PBXBuildFile; fileRef = AFAAECC21BB0FDDF008A6E23 /* AppDelegate.m */; };
		AFAAECC61BB0FDDF008A6E23 /* ViewController.m in Sources */ = {isa = PBXBuildFile; fileRef = AFAAECC51BB0FDDF008A6E23 /* ViewController.m */; };
		AFAAECC91BB0FDDF008A6E23 /* Main.storyboard in Resources */ = {isa = PBXBuildFile; fileRef = AFAAECC71BB0FDDF008A6E23 /* Main.storyboard */; };
		AFAAECCB1BB0FDDF008A6E23 /* Assets.xcassets in Resources */ = {isa = PBXBuildFile; fileRef = AFAAECCA1BB0FDDF008A6E23 /* Assets.xcassets */; };
		AFAAECCE1BB0FDDF008A6E23 /* LaunchScreen.storyboard in Resources */ = {isa = PBXBuildFile; fileRef = AFAAECCC1BB0FDDF008A6E23 /* LaunchScreen.storyboard */; };
		AFAAECD71BB0FE6E008A6E23 /* GestureView.m in Sources */ = {isa = PBXBuildFile; fileRef = AFAAECD61BB0FE6E008A6E23 /* GestureView.m */; settings = {ASSET_TAGS = (); }; };
/* End PBXBuildFile section */

/* Begin PBXFileReference section */
		AFAAECBB1BB0FDDF008A6E23 /* NnlockGesture.app */ = {isa = PBXFileReference; explicitFileType = wrapper.application; includeInIndex = 0; path = NnlockGesture.app; sourceTree = BUILT_PRODUCTS_DIR; };
		AFAAECBF1BB0FDDF008A6E23 /* main.m */ = {isa = PBXFileReference; lastKnownFileType = sourcecode.c.objc; path = main.m; sourceTree = "<group>"; };
		AFAAECC11BB0FDDF008A6E23 /* AppDelegate.h */ = {isa = PBXFileReference; lastKnownFileType = sourcecode.c.h; path = AppDelegate.h; sourceTree = "<group>"; };
		AFAAECC21BB0FDDF008A6E23 /* AppDelegate.m */ = {isa = PBXFileReference; lastKnownFileType = sourcecode.c.objc; path = AppDelegate.m; sourceTree = "<group>"; };
		AFAAECC41BB0FDDF008A6E23 /* ViewController.h */ = {isa = PBXFileReference; lastKnownFileType = sourcecode.c.h; path = ViewController.h; sourceTree = "<group>"; };
		AFAAECC51BB0FDDF008A6E23 /* ViewController.m */ = {isa = PBXFileReference; lastKnownFileType = sourcecode.c.objc; path = ViewController.m; sourceTree = "<group>"; };
		AFAAECC81BB0FDDF008A6E23 /* Base */ = {isa = PBXFileReference; lastKnownFileType = file.storyboard; name = Base; path = Base.lproj/Main.storyboard; sourceTree = "<group>"; };
		AFAAECCA1BB0FDDF008A6E23 /* Assets.xcassets */ = {isa = PBXFileReference; lastKnownFileType = folder.assetcatalog; path = Assets.xcassets; sourceTree = "<group>"; };
		AFAAECCD1BB0FDDF008A6E23 /* Base */ = {isa = PBXFileReference; lastKnownFileType = file.storyboard; name = Base; path = Base.lproj/LaunchScreen.storyboard; sourceTree = "<group>"; };
		AFAAECCF1BB0FDDF008A6E23 /* Info.plist */ = {isa = PBXFileReference; lastKnownFileType = text.plist.xml; path = Info.plist; sourceTree = "<group>"; };
		AFAAECD51BB0FE6E008A6E23 /* GestureView.h */ = {isa = PBXFileReference; fileEncoding = 4; lastKnownFileType = sourcecode.c.h; path = GestureView.h; sourceTree = "<group>"; };
		AFAAECD61BB0FE6E008A6E23 /* GestureView.m */ = {isa = PBXFileReference; fileEncoding = 4; lastKnownFileType = sourcecode.c.objc; path = GestureView.m; sourceTree = "<group>"; };
/* End PBXFileReference section */

/* Begin PBXFrameworksBuildPhase section */
		AFAAECB81BB0FDDF008A6E23 /* Frameworks */ = {
			isa = PBXFrameworksBuildPhase;
			buildActionMask = 2147483647;
			files = (
			);
			runOnlyForDeploymentPostprocessing = 0;
		};
/* End PBXFrameworksBuildPhase section */

/* Begin PBXGroup section */
		AFAAECB21BB0FDDF008A6E23 = {
			isa = PBXGroup;
			children = (
				AFAAECBD1BB0FDDF008A6E23 /* NnlockGesture */,
				AFAAECBC1BB0FDDF008A6E23 /* Products */,
			);
			sourceTree = "<group>";
		};
		AFAAECBC1BB0FDDF008A6E23 /* Products */ = {
			isa = PBXGroup;
			children = (
				AFAAECBB1BB0FDDF008A6E23 /* NnlockGesture.app */,
			);
			name = Products;
			sourceTree = "<group>";
		};
		AFAAECBD1BB0FDDF008A6E23 /* NnlockGesture */ = {
			isa = PBXGroup;
			children = (
				AFAAECC11BB0FDDF008A6E23 /* AppDelegate.h */,
				AFAAECC21BB0FDDF008A6E23 /* AppDelegate.m */,
				AFAAECC41BB0FDDF008A6E23 /* ViewController.h */,
				AFAAECC51BB0FDDF008A6E23 /* ViewController.m */,
				AFAAECC71BB0FDDF008A6E23 /* Main.storyboard */,
				AFAAECCA1BB0FDDF008A6E23 /* Assets.xcassets */,
				AFAAECCC1BB0FDDF008A6E23 /* LaunchScreen.storyboard */,
				AFAAECCF1BB0FDDF008A6E23 /* Info.plist */,
				AFAAECBE1BB0FDDF008A6E23 /* Supporting Files */,
				AFAAECD51BB0FE6E008A6E23 /* GestureView.h */,
				AFAAECD61BB0FE6E008A6E23 /* GestureView.m */,
			);
			path = NnlockGesture;
			sourceTree = "<group>";
		};
		AFAAECBE1BB0FDDF008A6E23 /* Supporting Files */ = {
			isa = PBXGroup;
			children = (
				AFAAECBF1BB0FDDF008A6E23 /* main.m */,
			);
			name = "Supporting Files";
			sourceTree = "<group>";
		};
/* End PBXGroup section */

/* Begin PBXNativeTarget section */
		AFAAECBA1BB0FDDF008A6E23 /* NnlockGesture */ = {
			isa = PBXNativeTarget;
			buildConfigurationList = AFAAECD21BB0FDDF008A6E23 /* Build configuration list for PBXNativeTarget "NnlockGesture" */;
			buildPhases = (
				AFAAECB71BB0FDDF008A6E23 /* Sources */,
				AFAAECB81BB0FDDF008A6E23 /* Frameworks */,
				AFAAECB91BB0FDDF008A6E23 /* Resources */,
			);
			buildRules = (
			);
			dependencies = (
			);
			name = NnlockGesture;
			productName = NnlockGesture;
			productReference = AFAAECBB1BB0FDDF008A6E23 /* NnlockGesture.app */;
			productType = "com.apple.product-type.application";
		};
/* End PBXNativeTarget section */

/* Begin PBXProject section */
		AFAAECB31BB0FDDF008A6E23 /* Project object */ = {
			isa = PBXProject;
			attributes = {
				LastUpgradeCheck = 0700;
				ORGANIZATIONNAME = zpf;
				TargetAttributes = {
					AFAAECBA1BB0FDDF008A6E23 = {
						CreatedOnToolsVersion = 7.0;
					};
				};
			};
			buildConfigurationList = AFAAECB61BB0FDDF008A6E23 /* Build configuration list for PBXProject "NnlockGesture" */;
			compatibilityVersion = "Xcode 3.2";
			developmentRegion = English;
			hasScannedForEncodings = 0;
			knownRegions = (
				en,
				Base,
			);
			mainGroup = AFAAECB21BB0FDDF008A6E23;
			productRefGroup = AFAAECBC1BB0FDDF008A6E23 /* Products */;
			projectDirPath = "";
			projectRoot = "";
			targets = (
				AFAAECBA1BB0FDDF008A6E23 /* NnlockGesture */,
			);
		};
/* End PBXProject section */

/* Begin PBXResourcesBuildPhase section */
		AFAAECB91BB0FDDF008A6E23 /* Resources */ = {
			isa = PBXResourcesBuildPhase;
			buildActionMask = 2147483647;
			files = (
				AFAAECCE1BB0FDDF008A6E23 /* LaunchScreen.storyboard in Resources */,
				AFAAECCB1BB0FDDF008A6E23 /* Assets.xcassets in Resources */,
				AFAAECC91BB0FDDF008A6E23 /* Main.storyboard in Resources */,
			);
			runOnlyForDeploymentPostprocessing = 0;
		};
/* End PBXResourcesBuildPhase section */

/* Begin PBXSourcesBuildPhase section */
		AFAAECB71BB0FDDF008A6E23 /* Sources */ = {
			isa = PBXSourcesBuildPhase;
			buildActionMask = 2147483647;
			files = (
				AFAAECC61BB0FDDF008A6E23 /* ViewController.m in Sources */,
				AFAAECC31BB0FDDF008A6E23 /* AppDelegate.m in Sources */,
				AFAAECD71BB0FE6E008A6E23 /* GestureView.m in Sources */,
				AFAAECC01BB0FDDF008A6E23 /* main.m in Sources */,
			);
			runOnlyForDeploymentPostprocessing = 0;
		};
/* End PBXSourcesBuildPhase section */

/* Begin PBXVariantGroup section */
		AFAAECC71BB0FDDF008A6E23 /* Main.storyboard */ = {
			isa = PBXVariantGroup;
			children = (
				AFAAECC81BB0FDDF008A6E23 /* Base */,
			);
			name = Main.storyboard;
			sourceTree = "<group>";
		};
		AFAAECCC1BB0FDDF008A6E23 /* LaunchScreen.storyboard */ = {
			isa = PBXVariantGroup;
			children = (
				AFAAECCD1BB0FDDF008A6E23 /* Base */,
			);
			name = LaunchScreen.storyboard;
			sourceTree = "<group>";
		};
/* End PBXVariantGroup section */

/* Begin XCBuildConfiguration section */
		AFAAECD01BB0FDDF008A6E23 /* Debug */ = {
			isa = XCBuildConfiguration;
			buildSettings = {
				ALWAYS_SEARCH_USER_PATHS = NO;
				CLANG_CXX_LANGUAGE_STANDARD = "gnu++0x";
				CLANG_CXX_LIBRARY = "libc++";
				CLANG_ENABLE_MODULES = YES;
				CLANG_ENABLE_OBJC_ARC = YES;
				CLANG_WARN_BOOL_CONVERSION = YES;
				CLANG_WARN_CONSTANT_CONVERSION = YES;
				CLANG_WARN_DIRECT_OBJC_ISA_USAGE = YES_ERROR;
				CLANG_WARN_EMPTY_BODY = YES;
				CLANG_WARN_ENUM_CONVERSION = YES;
				CLANG_WARN_INT_CONVERSION = YES;
				CLANG_WARN_OBJC_ROOT_CLASS = YES_ERROR;
				CLANG_WARN_UNREACHABLE_CODE = YES;
				CLANG_WARN__DUPLICATE_METHOD_MATCH = YES;
				"CODE_SIGN_IDENTITY[sdk=iphoneos*]" = "iPhone Developer";
				COPY_PHASE_STRIP = NO;
				DEBUG_INFORMATION_FORMAT = dwarf;
				ENABLE_STRICT_OBJC_MSGSEND = YES;
				ENABLE_TESTABILITY = YES;
				GCC_C_LANGUAGE_STANDARD = gnu99;
				GCC_DYNAMIC_NO_PIC = NO;
				GCC_NO_COMMON_BLOCKS = YES;
				GCC_OPTIMIZATION_LEVEL = 0;
				GCC_PREPROCESSOR_DEFINITIONS = (
					"DEBUG=1",
					"$(inherited)",
				);
				GCC_WARN_64_TO_32_BIT_CONVERSION = YES;
				GCC_WARN_ABOUT_RETURN_TYPE = YES_ERROR;
				GCC_WARN_UNDECLARED_SELECTOR = YES;
				GCC_WARN_UNINITIALIZED_AUTOS = YES_AGGRESSIVE;
				GCC_WARN_UNUSED_FUNCTION = YES;
				GCC_WARN_UNUSED_VARIABLE = YES;
				IPHONEOS_DEPLOYMENT_TARGET = 9.0;
				MTL_ENABLE_DEBUG_INFO = YES;
				ONLY_ACTIVE_ARCH = YES;
				SDKROOT = iphoneos;
			};
			name = Debug;
		};
		AFAAECD11BB0FDDF008A6E23 /* Release */ = {
			isa = XCBuildConfiguration;
			buildSettings = {
				ALWAYS_SEARCH_USER_PATHS = NO;
				CLANG_CXX_LANGUAGE_STANDARD = "gnu++0x";
				CLANG_CXX_LIBRARY = "libc++";
				CLANG_ENABLE_MODULES = YES;
				CLANG_ENABLE_OBJC_ARC = YES;
				CLANG_WARN_BOOL_CONVERSION = YES;
				CLANG_WARN_CONSTANT_CONVERSION = YES;
				CLANG_WARN_DIRECT_OBJC_ISA_USAGE = YES_ERROR;
				CLANG_WARN_EMPTY_BODY = YES;
				CLANG_WARN_ENUM_CONVERSION = YES;
				CLANG_WARN_INT_CONVERSION = YES;
				CLANG_WARN_OBJC_ROOT_CLASS = YES_ERROR;
				CLANG_WARN_UNREACHABLE_CODE = YES;
				CLANG_WARN__DUPLICATE_METHOD_MATCH = YES;
				"CODE_SIGN_IDENTITY[sdk=iphoneos*]" = "iPhone Developer";
				COPY_PHASE_STRIP = NO;
				DEBUG_INFORMATION_FORMAT = "dwarf-with-dsym";
				ENABLE_NS_ASSERTIONS = NO;
				ENABLE_STRICT_OBJC_MSGSEND = YES;
				GCC_C_LANGUAGE_STANDARD = gnu99;
				GCC_NO_COMMON_BLOCKS = YES;
				GCC_WARN_64_TO_32_BIT_CONVERSION = YES;
				GCC_WARN_ABOUT_RETURN_TYPE = YES_ERROR;
				GCC_WARN_UNDECLARED_SELECTOR = YES;
				GCC_WARN_UNINITIALIZED_AUTOS = YES_AGGRESSIVE;
				GCC_WARN_UNUSED_FUNCTION = YES;
				GCC_WARN_UNUSED_VARIABLE = YES;
				IPHONEOS_DEPLOYMENT_TARGET = 9.0;
				MTL_ENABLE_DEBUG_INFO = NO;
				SDKROOT = iphoneos;
				VALIDATE_PRODUCT = YES;
			};
			name = Release;
		};
		AFAAECD31BB0FDDF008A6E23 /* Debug */ = {
			isa = XCBuildConfiguration;
			buildSettings = {
				ASSETCATALOG_COMPILER_APPICON_NAME = AppIcon;
				INFOPLIST_FILE = NnlockGesture/Info.plist;
				LD_RUNPATH_SEARCH_PATHS = "$(inherited) @executable_path/Frameworks";
				PRODUCT_BUNDLE_IDENTIFIER = com.zpf.NnlockGesture;
				PRODUCT_NAME = "$(TARGET_NAME)";
			};
			name = Debug;
		};
		AFAAECD41BB0FDDF008A6E23 /* Release */ = {
			isa = XCBuildConfiguration;
			buildSettings = {
				ASSETCATALOG_COMPILER_APPICON_NAME = AppIcon;
				INFOPLIST_FILE = NnlockGesture/Info.plist;
				LD_RUNPATH_SEARCH_PATHS = "$(inherited) @executable_path/Frameworks";
				PRODUCT_BUNDLE_IDENTIFIER = com.zpf.NnlockGesture;
				PRODUCT_NAME = "$(TARGET_NAME)";
			};
			name = Release;
		};
/* End XCBuildConfiguration section */

/* Begin XCConfigurationList section */
		AFAAECB61BB0FDDF008A6E23 /* Build configuration list for PBXProject "NnlockGesture" */ = {
			isa = XCConfigurationList;
			buildConfigurations = (
				AFAAECD01BB0FDDF008A6E23 /* Debug */,
				AFAAECD11BB0FDDF008A6E23 /* Release */,
			);
			defaultConfigurationIsVisible = 0;
			defaultConfigurationName = Release;
		};
		AFAAECD21BB0FDDF008A6E23 /* Build configuration list for PBXNativeTarget "NnlockGesture" */ = {
			isa = XCConfigurationList;
			buildConfigurations = (
				AFAAECD31BB0FDDF008A6E23 /* Debug */,
				AFAAECD41BB0FDDF008A6E23 /* Release */,
			);
			defaultConfigurationIsVisible = 0;
		};
/* End XCConfigurationList section */
	};
	rootObject = AFAAECB31BB0FDDF008A6E23 /* Project object */;
}
